
Microsoft Visual Studio Solution File, Format Version 12.00
# Visual Studio Version 17
VisualStudioVersion = 17.7.34024.191
MinimumVisualStudioVersion = 10.0.40219.1
Project("{2150E333-8FDC-42A3-9474-1A3956D46DE8}") = "Services", "Services", "{AFB18285-888C-4436-BBFD-1D32C76A8C05}"
EndProject
Project("{2150E333-8FDC-42A3-9474-1A3956D46DE8}") = "Forum", "Forum", "{E1D3CABB-F388-438B-9817-A5D90AA40D3A}"
EndProject
Project("{2150E333-8FDC-42A3-9474-1A3956D46DE8}") = "WebApps", "WebApps", "{18BE7358-3B52-4279-AC00-99017D2B1F15}"
EndProject
Project("{2150E333-8FDC-42A3-9474-1A3956D46DE8}") = "Gateways", "Gateways", "{6E298582-D8E6-4584-A421-DE12027863AA}"
EndProject
Project("{2150E333-8FDC-42A3-9474-1A3956D46DE8}") = "Identity", "Identity", "{8D407043-4EE5-4C23-9907-6EFB5BA1A61F}"
EndProject
Project("{9A19103F-16F7-4668-BE54-9A1E7A4F7556}") = "Api-gw-ocelot", "Src\Gateways\Api-gw-ocelot\Api-gw-ocelot.csproj", "{AF59E54F-81BE-4C3A-AB5C-7C7A8DCE124A}"
EndProject
Project("{9A19103F-16F7-4668-BE54-9A1E7A4F7556}") = "Api-forum", "Src\Microservices\Forum\Api-forum\Api-forum.csproj", "{561B6AE4-1E50-49A4-A4C3-F68E5CF1C60E}"
EndProject
Project("{9A19103F-16F7-4668-BE54-9A1E7A4F7556}") = "Api-forum-Entities", "Src\Microservices\Forum\Api-forum-Entities\Api-forum-Entities.csproj", "{43A6B1F2-40C9-48E9-8D32-751706FC51BE}"
EndProject
Project("{9A19103F-16F7-4668-BE54-9A1E7A4F7556}") = "Api-forum-Interfaces", "Src\Microservices\Forum\Api-forum-Interfaces\Api-forum-Interfaces.csproj", "{46D8CE12-FE57-4A18-AC1F-CE94CF23300B}"
EndProject
Project("{9A19103F-16F7-4668-BE54-9A1E7A4F7556}") = "Api-forum-Repository", "Src\Microservices\Forum\Api-forum-Repository\Api-forum-Repository.csproj", "{5B6F74A3-1B00-40A4-BD65-66FACCEBDBF8}"
EndProject
Project("{9A19103F-16F7-4668-BE54-9A1E7A4F7556}") = "Api-forum-test", "Src\Microservices\Forum\Api-forum-test\Api-forum-test.csproj", "{30E99E67-2E03-4782-9974-744442A81E66}"
EndProject
Project("{9A19103F-16F7-4668-BE54-9A1E7A4F7556}") = "Api-auth", "Src\Microservices\Identity\Api-auth\Api-auth.csproj", "{D4E2C33F-272C-4FF2-94CD-31AF9416CBE5}"
EndProject
Project("{9A19103F-16F7-4668-BE54-9A1E7A4F7556}") = "Api-auth-Entities", "Src\Microservices\Identity\Api-auth-Entities\Api-auth-Entities.csproj", "{D90FB6E5-6385-435F-A824-5148A74E5EEB}"
EndProject
Project("{9A19103F-16F7-4668-BE54-9A1E7A4F7556}") = "Api-auth-Interfaces", "Src\Microservices\Identity\Api-auth-Interfaces\Api-auth-Interfaces.csproj", "{9E1EE2BC-04CF-4B1B-B748-4043A2BB990E}"
EndProject
Project("{9A19103F-16F7-4668-BE54-9A1E7A4F7556}") = "Api-auth-JWT", "Src\Microservices\Identity\Api-auth-JWT\Api-auth-JWT.csproj", "{A9517995-F8B6-4A33-BA98-4C15DE5DD2DC}"
EndProject
Project("{2150E333-8FDC-42A3-9474-1A3956D46DE8}") = "Src", "Src", "{541F1B3A-74C3-46A7-8C1A-AB486F5D20A3}"
EndProject
Project("{2150E333-8FDC-42A3-9474-1A3956D46DE8}") = "Solution Items", "Solution Items", "{D0E2808E-9421-4F6E-A008-4B996D61BF51}"
EndProject
Project("{2150E333-8FDC-42A3-9474-1A3956D46DE8}") = "Docker", "Docker", "{460533D9-EA4C-4585-A910-005F5AE51B36}"
	ProjectSection(SolutionItems) = preProject
		Docker\docker-compose.yaml = Docker\docker-compose.yaml
	EndProjectSection
EndProject
Project("{9A19103F-16F7-4668-BE54-9A1E7A4F7556}") = "Web-base", "Src\WebApps\Web-base\Web-base.csproj", "{743EACB1-D868-459D-A0FE-8D89F7A64FED}"
EndProject
Project("{2150E333-8FDC-42A3-9474-1A3956D46DE8}") = "FSC", "FSC", "{FE362844-B7E2-41DD-8D06-D6318FBD014D}"
EndProject
Project("{9A19103F-16F7-4668-BE54-9A1E7A4F7556}") = "Api-fsc-Interfaces", "Src\Microservices\Fsc\Api-fsc-Interfaces\Api-fsc-Interfaces.csproj", "{77E28734-FD33-4584-B5BB-A03DC3CD2770}"
EndProject
Project("{9A19103F-16F7-4668-BE54-9A1E7A4F7556}") = "Api-fsc", "Src\Microservices\Fsc\Api-fsc\Api-fsc.csproj", "{02F7D132-EB17-44E6-A8D0-7FF526998F62}"
EndProject
Project("{9A19103F-16F7-4668-BE54-9A1E7A4F7556}") = "Api-fsc-Entities", "Src\Microservices\Fsc\Api-fsc-Entities\Api-fsc-Entities.csproj", "{5CEC7F97-C5C1-4750-88DF-C3754B21996D}"
EndProject
Project("{FAE04EC0-301F-11D3-BF4B-00C04F79EFBC}") = "Api-fsc-Checker", "Api-fsc-Checker\Api-fsc-Checker.csproj", "{56022E9B-7B0A-4BF1-B96F-E9626A098F7D}"
EndProject
Global
	GlobalSection(SolutionConfigurationPlatforms) = preSolution
		Debug|Any CPU = Debug|Any CPU
		Release|Any CPU = Release|Any CPU
	EndGlobalSection
	GlobalSection(ProjectConfigurationPlatforms) = postSolution
		{AF59E54F-81BE-4C3A-AB5C-7C7A8DCE124A}.Debug|Any CPU.ActiveCfg = Debug|Any CPU
		{AF59E54F-81BE-4C3A-AB5C-7C7A8DCE124A}.Debug|Any CPU.Build.0 = Debug|Any CPU
		{AF59E54F-81BE-4C3A-AB5C-7C7A8DCE124A}.Release|Any CPU.ActiveCfg = Release|Any CPU
		{AF59E54F-81BE-4C3A-AB5C-7C7A8DCE124A}.Release|Any CPU.Build.0 = Release|Any CPU
		{561B6AE4-1E50-49A4-A4C3-F68E5CF1C60E}.Debug|Any CPU.ActiveCfg = Debug|Any CPU
		{561B6AE4-1E50-49A4-A4C3-F68E5CF1C60E}.Debug|Any CPU.Build.0 = Debug|Any CPU
		{561B6AE4-1E50-49A4-A4C3-F68E5CF1C60E}.Release|Any CPU.ActiveCfg = Release|Any CPU
		{561B6AE4-1E50-49A4-A4C3-F68E5CF1C60E}.Release|Any CPU.Build.0 = Release|Any CPU
		{43A6B1F2-40C9-48E9-8D32-751706FC51BE}.Debug|Any CPU.ActiveCfg = Debug|Any CPU
		{43A6B1F2-40C9-48E9-8D32-751706FC51BE}.Debug|Any CPU.Build.0 = Debug|Any CPU
		{43A6B1F2-40C9-48E9-8D32-751706FC51BE}.Release|Any CPU.ActiveCfg = Release|Any CPU
		{43A6B1F2-40C9-48E9-8D32-751706FC51BE}.Release|Any CPU.Build.0 = Release|Any CPU
		{46D8CE12-FE57-4A18-AC1F-CE94CF23300B}.Debug|Any CPU.ActiveCfg = Debug|Any CPU
		{46D8CE12-FE57-4A18-AC1F-CE94CF23300B}.Debug|Any CPU.Build.0 = Debug|Any CPU
		{46D8CE12-FE57-4A18-AC1F-CE94CF23300B}.Release|Any CPU.ActiveCfg = Release|Any CPU
		{46D8CE12-FE57-4A18-AC1F-CE94CF23300B}.Release|Any CPU.Build.0 = Release|Any CPU
		{5B6F74A3-1B00-40A4-BD65-66FACCEBDBF8}.Debug|Any CPU.ActiveCfg = Debug|Any CPU
		{5B6F74A3-1B00-40A4-BD65-66FACCEBDBF8}.Debug|Any CPU.Build.0 = Debug|Any CPU
		{5B6F74A3-1B00-40A4-BD65-66FACCEBDBF8}.Release|Any CPU.ActiveCfg = Release|Any CPU
		{5B6F74A3-1B00-40A4-BD65-66FACCEBDBF8}.Release|Any CPU.Build.0 = Release|Any CPU
		{30E99E67-2E03-4782-9974-744442A81E66}.Debug|Any CPU.ActiveCfg = Debug|Any CPU
		{30E99E67-2E03-4782-9974-744442A81E66}.Debug|Any CPU.Build.0 = Debug|Any CPU
		{30E99E67-2E03-4782-9974-744442A81E66}.Release|Any CPU.ActiveCfg = Release|Any CPU
		{30E99E67-2E03-4782-9974-744442A81E66}.Release|Any CPU.Build.0 = Release|Any CPU
		{D4E2C33F-272C-4FF2-94CD-31AF9416CBE5}.Debug|Any CPU.ActiveCfg = Debug|Any CPU
		{D4E2C33F-272C-4FF2-94CD-31AF9416CBE5}.Debug|Any CPU.Build.0 = Debug|Any CPU
		{D4E2C33F-272C-4FF2-94CD-31AF9416CBE5}.Release|Any CPU.ActiveCfg = Release|Any CPU
		{D4E2C33F-272C-4FF2-94CD-31AF9416CBE5}.Release|Any CPU.Build.0 = Release|Any CPU
		{D90FB6E5-6385-435F-A824-5148A74E5EEB}.Debug|Any CPU.ActiveCfg = Debug|Any CPU
		{D90FB6E5-6385-435F-A824-5148A74E5EEB}.Debug|Any CPU.Build.0 = Debug|Any CPU
		{D90FB6E5-6385-435F-A824-5148A74E5EEB}.Release|Any CPU.ActiveCfg = Release|Any CPU
		{D90FB6E5-6385-435F-A824-5148A74E5EEB}.Release|Any CPU.Build.0 = Release|Any CPU
		{9E1EE2BC-04CF-4B1B-B748-4043A2BB990E}.Debug|Any CPU.ActiveCfg = Debug|Any CPU
		{9E1EE2BC-04CF-4B1B-B748-4043A2BB990E}.Debug|Any CPU.Build.0 = Debug|Any CPU
		{9E1EE2BC-04CF-4B1B-B748-4043A2BB990E}.Release|Any CPU.ActiveCfg = Release|Any CPU
		{9E1EE2BC-04CF-4B1B-B748-4043A2BB990E}.Release|Any CPU.Build.0 = Release|Any CPU
		{A9517995-F8B6-4A33-BA98-4C15DE5DD2DC}.Debug|Any CPU.ActiveCfg = Debug|Any CPU
		{A9517995-F8B6-4A33-BA98-4C15DE5DD2DC}.Debug|Any CPU.Build.0 = Debug|Any CPU
		{A9517995-F8B6-4A33-BA98-4C15DE5DD2DC}.Release|Any CPU.ActiveCfg = Release|Any CPU
		{A9517995-F8B6-4A33-BA98-4C15DE5DD2DC}.Release|Any CPU.Build.0 = Release|Any CPU
		{743EACB1-D868-459D-A0FE-8D89F7A64FED}.Debug|Any CPU.ActiveCfg = Debug|Any CPU
		{743EACB1-D868-459D-A0FE-8D89F7A64FED}.Debug|Any CPU.Build.0 = Debug|Any CPU
		{743EACB1-D868-459D-A0FE-8D89F7A64FED}.Release|Any CPU.ActiveCfg = Release|Any CPU
		{743EACB1-D868-459D-A0FE-8D89F7A64FED}.Release|Any CPU.Build.0 = Release|Any CPU
		{77E28734-FD33-4584-B5BB-A03DC3CD2770}.Debug|Any CPU.ActiveCfg = Debug|Any CPU
		{77E28734-FD33-4584-B5BB-A03DC3CD2770}.Debug|Any CPU.Build.0 = Debug|Any CPU
		{77E28734-FD33-4584-B5BB-A03DC3CD2770}.Release|Any CPU.ActiveCfg = Release|Any CPU
		{77E28734-FD33-4584-B5BB-A03DC3CD2770}.Release|Any CPU.Build.0 = Release|Any CPU
		{02F7D132-EB17-44E6-A8D0-7FF526998F62}.Debug|Any CPU.ActiveCfg = Debug|Any CPU
		{02F7D132-EB17-44E6-A8D0-7FF526998F62}.Debug|Any CPU.Build.0 = Debug|Any CPU
		{02F7D132-EB17-44E6-A8D0-7FF526998F62}.Release|Any CPU.ActiveCfg = Release|Any CPU
		{02F7D132-EB17-44E6-A8D0-7FF526998F62}.Release|Any CPU.Build.0 = Release|Any CPU
		{5CEC7F97-C5C1-4750-88DF-C3754B21996D}.Debug|Any CPU.ActiveCfg = Debug|Any CPU
		{5CEC7F97-C5C1-4750-88DF-C3754B21996D}.Debug|Any CPU.Build.0 = Debug|Any CPU
		{5CEC7F97-C5C1-4750-88DF-C3754B21996D}.Release|Any CPU.ActiveCfg = Release|Any CPU
		{5CEC7F97-C5C1-4750-88DF-C3754B21996D}.Release|Any CPU.Build.0 = Release|Any CPU
		{56022E9B-7B0A-4BF1-B96F-E9626A098F7D}.Debug|Any CPU.ActiveCfg = Debug|Any CPU
		{56022E9B-7B0A-4BF1-B96F-E9626A098F7D}.Debug|Any CPU.Build.0 = Debug|Any CPU
		{56022E9B-7B0A-4BF1-B96F-E9626A098F7D}.Release|Any CPU.ActiveCfg = Release|Any CPU
		{56022E9B-7B0A-4BF1-B96F-E9626A098F7D}.Release|Any CPU.Build.0 = Release|Any CPU
	EndGlobalSection
	GlobalSection(SolutionProperties) = preSolution
		HideSolutionNode = FALSE
	EndGlobalSection
	GlobalSection(NestedProjects) = preSolution
		{AFB18285-888C-4436-BBFD-1D32C76A8C05} = {541F1B3A-74C3-46A7-8C1A-AB486F5D20A3}
		{E1D3CABB-F388-438B-9817-A5D90AA40D3A} = {AFB18285-888C-4436-BBFD-1D32C76A8C05}
		{18BE7358-3B52-4279-AC00-99017D2B1F15} = {541F1B3A-74C3-46A7-8C1A-AB486F5D20A3}
		{6E298582-D8E6-4584-A421-DE12027863AA} = {541F1B3A-74C3-46A7-8C1A-AB486F5D20A3}
		{8D407043-4EE5-4C23-9907-6EFB5BA1A61F} = {AFB18285-888C-4436-BBFD-1D32C76A8C05}
		{AF59E54F-81BE-4C3A-AB5C-7C7A8DCE124A} = {6E298582-D8E6-4584-A421-DE12027863AA}
		{561B6AE4-1E50-49A4-A4C3-F68E5CF1C60E} = {E1D3CABB-F388-438B-9817-A5D90AA40D3A}
		{43A6B1F2-40C9-48E9-8D32-751706FC51BE} = {E1D3CABB-F388-438B-9817-A5D90AA40D3A}
		{46D8CE12-FE57-4A18-AC1F-CE94CF23300B} = {E1D3CABB-F388-438B-9817-A5D90AA40D3A}
		{5B6F74A3-1B00-40A4-BD65-66FACCEBDBF8} = {E1D3CABB-F388-438B-9817-A5D90AA40D3A}
		{30E99E67-2E03-4782-9974-744442A81E66} = {E1D3CABB-F388-438B-9817-A5D90AA40D3A}
		{D4E2C33F-272C-4FF2-94CD-31AF9416CBE5} = {8D407043-4EE5-4C23-9907-6EFB5BA1A61F}
		{D90FB6E5-6385-435F-A824-5148A74E5EEB} = {8D407043-4EE5-4C23-9907-6EFB5BA1A61F}
		{9E1EE2BC-04CF-4B1B-B748-4043A2BB990E} = {8D407043-4EE5-4C23-9907-6EFB5BA1A61F}
		{A9517995-F8B6-4A33-BA98-4C15DE5DD2DC} = {8D407043-4EE5-4C23-9907-6EFB5BA1A61F}
		{460533D9-EA4C-4585-A910-005F5AE51B36} = {D0E2808E-9421-4F6E-A008-4B996D61BF51}
		{743EACB1-D868-459D-A0FE-8D89F7A64FED} = {18BE7358-3B52-4279-AC00-99017D2B1F15}
		{FE362844-B7E2-41DD-8D06-D6318FBD014D} = {AFB18285-888C-4436-BBFD-1D32C76A8C05}
		{77E28734-FD33-4584-B5BB-A03DC3CD2770} = {FE362844-B7E2-41DD-8D06-D6318FBD014D}
		{02F7D132-EB17-44E6-A8D0-7FF526998F62} = {FE362844-B7E2-41DD-8D06-D6318FBD014D}
		{5CEC7F97-C5C1-4750-88DF-C3754B21996D} = {FE362844-B7E2-41DD-8D06-D6318FBD014D}
		{56022E9B-7B0A-4BF1-B96F-E9626A098F7D} = {FE362844-B7E2-41DD-8D06-D6318FBD014D}
	EndGlobalSection
	GlobalSection(ExtensibilityGlobals) = postSolution
		SolutionGuid = {273FC389-917E-4355-AD11-A1D515720B89}
	EndGlobalSection
EndGlobal
